// !$*UTF8*$!
{
	archiveVersion = 1;
	classes = {
	};
	objectVersion = 51;
	objects = {

/* Begin PBXBuildFile section */
		138DD00610EC9333ACEE2278 /* Pods_Coup.framework in Frameworks */ = {isa = PBXBuildFile; fileRef = 89FFF089A57325E0FD37053B /* Pods_Coup.framework */; };
		326B550226ADC99C0008223E /* ActivityLogTableViewCell.swift in Sources */ = {isa = PBXBuildFile; fileRef = 326B550126ADC99C0008223E /* ActivityLogTableViewCell.swift */; };
		32BE2ACB26B992AD00CB6A24 /* ExchangeViewController.swift in Sources */ = {isa = PBXBuildFile; fileRef = 32BE2ACA26B992AD00CB6A24 /* ExchangeViewController.swift */; };
		32BE2ACD26B9AD9B00CB6A24 /* ActivityLogViewController.swift in Sources */ = {isa = PBXBuildFile; fileRef = 32BE2ACC26B9AD9B00CB6A24 /* ActivityLogViewController.swift */; };
		32DEC32526B299380049F2F3 /* GameLogTableViewCell.swift in Sources */ = {isa = PBXBuildFile; fileRef = 32DEC32426B299380049F2F3 /* GameLogTableViewCell.swift */; };
		32DEC32726B29C660049F2F3 /* AddAITableViewCell.swift in Sources */ = {isa = PBXBuildFile; fileRef = 32DEC32626B29C660049F2F3 /* AddAITableViewCell.swift */; };
		32FA1D6B26B6E00F00B899F4 /* OfflineViewController.swift in Sources */ = {isa = PBXBuildFile; fileRef = 32FA1D6A26B6E00F00B899F4 /* OfflineViewController.swift */; };
		32FE4AD226B4663D0055EB30 /* HowToPlayViewController.swift in Sources */ = {isa = PBXBuildFile; fileRef = 32FE4AD126B4663D0055EB30 /* HowToPlayViewController.swift */; };
		A58C8EB326C40771008FE287 /* ethnocentric rg.ttf in Resources */ = {isa = PBXBuildFile; fileRef = A58C8EB226C40770008FE287 /* ethnocentric rg.ttf */; };
		A58C8EB526C40F8A008FE287 /* LoginViewController.swift in Sources */ = {isa = PBXBuildFile; fileRef = FD4FFE5226A69B6C00FF766F /* LoginViewController.swift */; };
		A5AC08C626C406E700D49BC3 /* Lato-Light.ttf in Resources */ = {isa = PBXBuildFile; fileRef = A5AC08C426C406E600D49BC3 /* Lato-Light.ttf */; };
		A5AC08C726C406E700D49BC3 /* Lato-LightItalic.ttf in Resources */ = {isa = PBXBuildFile; fileRef = A5AC08C526C406E700D49BC3 /* Lato-LightItalic.ttf */; };
		A5AC08C926C406F000D49BC3 /* Lato-Bold.ttf in Resources */ = {isa = PBXBuildFile; fileRef = A5AC08C826C406F000D49BC3 /* Lato-Bold.ttf */; };
		A5AC08CC26C406FB00D49BC3 /* ethnocentric rg it.ttf in Resources */ = {isa = PBXBuildFile; fileRef = A5AC08CA26C406FB00D49BC3 /* ethnocentric rg it.ttf */; };
		AC900F0F26A3601F000C6B89 /* GameViewController.swift in Sources */ = {isa = PBXBuildFile; fileRef = AC900F0E26A3601F000C6B89 /* GameViewController.swift */; };
		AC900F1926A36C6D000C6B89 /* Card.swift in Sources */ = {isa = PBXBuildFile; fileRef = AC900F1826A36C6D000C6B89 /* Card.swift */; };
		AC900F1B26A36C9C000C6B89 /* Deck.swift in Sources */ = {isa = PBXBuildFile; fileRef = AC900F1A26A36C9C000C6B89 /* Deck.swift */; };
		AC900F1D26A36C9F000C6B89 /* Game.swift in Sources */ = {isa = PBXBuildFile; fileRef = AC900F1C26A36C9F000C6B89 /* Game.swift */; };
		AC900F1F26A36CA3000C6B89 /* Player.swift in Sources */ = {isa = PBXBuildFile; fileRef = AC900F1E26A36CA3000C6B89 /* Player.swift */; };
		AC900F2126A36CA6000C6B89 /* Move.swift in Sources */ = {isa = PBXBuildFile; fileRef = AC900F2026A36CA6000C6B89 /* Move.swift */; };
		FD1C9A3F26B4CFC7006146D7 /* Justin Bieber.jpg in Resources */ = {isa = PBXBuildFile; fileRef = FD1C9A3926B4CFC6006146D7 /* Justin Bieber.jpg */; };
		FD1C9A4026B4CFC7006146D7 /* Charlie Puth.jpg in Resources */ = {isa = PBXBuildFile; fileRef = FD1C9A3A26B4CFC6006146D7 /* Charlie Puth.jpg */; };
		FD1C9A4126B4CFC7006146D7 /* Ed Sheeran.jpg in Resources */ = {isa = PBXBuildFile; fileRef = FD1C9A3B26B4CFC7006146D7 /* Ed Sheeran.jpg */; };
		FD1C9A4226B4CFC7006146D7 /* Taylor Swift.jpg in Resources */ = {isa = PBXBuildFile; fileRef = FD1C9A3C26B4CFC7006146D7 /* Taylor Swift.jpg */; };
		FD1C9A4326B4CFC7006146D7 /* Selena Gomez.jpg in Resources */ = {isa = PBXBuildFile; fileRef = FD1C9A3D26B4CFC7006146D7 /* Selena Gomez.jpg */; };
		FD1C9A4426B4CFC7006146D7 /* Ariana Grande.jpg in Resources */ = {isa = PBXBuildFile; fileRef = FD1C9A3E26B4CFC7006146D7 /* Ariana Grande.jpg */; };
		FD642A6026A6954E00EC5B64 /* GoogleService-Info.plist in Resources */ = {isa = PBXBuildFile; fileRef = FD642A5F26A6954E00EC5B64 /* GoogleService-Info.plist */; };
		FD69568B2690DB1E0057BBE8 /* AppDelegate.swift in Sources */ = {isa = PBXBuildFile; fileRef = FD69568A2690DB1E0057BBE8 /* AppDelegate.swift */; };
		FD69568D2690DB1E0057BBE8 /* SceneDelegate.swift in Sources */ = {isa = PBXBuildFile; fileRef = FD69568C2690DB1E0057BBE8 /* SceneDelegate.swift */; };
		FD69568F2690DB1E0057BBE8 /* MainViewController.swift in Sources */ = {isa = PBXBuildFile; fileRef = FD69568E2690DB1E0057BBE8 /* MainViewController.swift */; };
		FD6956922690DB1E0057BBE8 /* Main.storyboard in Resources */ = {isa = PBXBuildFile; fileRef = FD6956902690DB1E0057BBE8 /* Main.storyboard */; };
		FD6956942690DB1F0057BBE8 /* Assets.xcassets in Resources */ = {isa = PBXBuildFile; fileRef = FD6956932690DB1F0057BBE8 /* Assets.xcassets */; };
		FD6956972690DB1F0057BBE8 /* LaunchScreen.storyboard in Resources */ = {isa = PBXBuildFile; fileRef = FD6956952690DB1F0057BBE8 /* LaunchScreen.storyboard */; };
		FD69569F2690DEB50057BBE8 /* GameEndsViewController.swift in Sources */ = {isa = PBXBuildFile; fileRef = FD69569E2690DEB50057BBE8 /* GameEndsViewController.swift */; };
		FD98412D269E3E290035E9BB /* SettingsViewController.swift in Sources */ = {isa = PBXBuildFile; fileRef = FD98412C269E3E290035E9BB /* SettingsViewController.swift */; };
		FD9E5ACD26C016450079F28C /* BlankViewController.swift in Sources */ = {isa = PBXBuildFile; fileRef = FD9E5ACC26C016450079F28C /* BlankViewController.swift */; };
		FDEE75AF26B3C88D001EFBF4 /* Settings.xcdatamodeld in Sources */ = {isa = PBXBuildFile; fileRef = FDEE75AD26B3C88D001EFBF4 /* Settings.xcdatamodeld */; };
/* End PBXBuildFile section */

/* Begin PBXFileReference section */
		326B550126ADC99C0008223E /* ActivityLogTableViewCell.swift */ = {isa = PBXFileReference; lastKnownFileType = sourcecode.swift; path = ActivityLogTableViewCell.swift; sourceTree = "<group>"; };
		32BE2ACA26B992AD00CB6A24 /* ExchangeViewController.swift */ = {isa = PBXFileReference; lastKnownFileType = sourcecode.swift; path = ExchangeViewController.swift; sourceTree = "<group>"; };
		32BE2ACC26B9AD9B00CB6A24 /* ActivityLogViewController.swift */ = {isa = PBXFileReference; lastKnownFileType = sourcecode.swift; name = ActivityLogViewController.swift; path = Coup/ActivityLogViewController.swift; sourceTree = SOURCE_ROOT; };
		32DEC32426B299380049F2F3 /* GameLogTableViewCell.swift */ = {isa = PBXFileReference; lastKnownFileType = sourcecode.swift; path = GameLogTableViewCell.swift; sourceTree = "<group>"; };
		32DEC32626B29C660049F2F3 /* AddAITableViewCell.swift */ = {isa = PBXFileReference; lastKnownFileType = sourcecode.swift; path = AddAITableViewCell.swift; sourceTree = "<group>"; };
		32FA1D6A26B6E00F00B899F4 /* OfflineViewController.swift */ = {isa = PBXFileReference; lastKnownFileType = sourcecode.swift; name = OfflineViewController.swift; path = Coup/OfflineViewController.swift; sourceTree = SOURCE_ROOT; };
		32FE4AD126B4663D0055EB30 /* HowToPlayViewController.swift */ = {isa = PBXFileReference; lastKnownFileType = sourcecode.swift; path = HowToPlayViewController.swift; sourceTree = "<group>"; };
		7A4F4F117DB1A58538E9749A /* Pods-Coup.release.xcconfig */ = {isa = PBXFileReference; includeInIndex = 1; lastKnownFileType = text.xcconfig; name = "Pods-Coup.release.xcconfig"; path = "Target Support Files/Pods-Coup/Pods-Coup.release.xcconfig"; sourceTree = "<group>"; };
		89FFF089A57325E0FD37053B /* Pods_Coup.framework */ = {isa = PBXFileReference; explicitFileType = wrapper.framework; includeInIndex = 0; path = Pods_Coup.framework; sourceTree = BUILT_PRODUCTS_DIR; };
		A58C8EB226C40770008FE287 /* ethnocentric rg.ttf */ = {isa = PBXFileReference; lastKnownFileType = file; path = "ethnocentric rg.ttf"; sourceTree = "<group>"; };
		A5AC08C426C406E600D49BC3 /* Lato-Light.ttf */ = {isa = PBXFileReference; lastKnownFileType = file; path = "Lato-Light.ttf"; sourceTree = "<group>"; };
		A5AC08C526C406E700D49BC3 /* Lato-LightItalic.ttf */ = {isa = PBXFileReference; lastKnownFileType = file; path = "Lato-LightItalic.ttf"; sourceTree = "<group>"; };
		A5AC08C826C406F000D49BC3 /* Lato-Bold.ttf */ = {isa = PBXFileReference; lastKnownFileType = file; path = "Lato-Bold.ttf"; sourceTree = "<group>"; };
		A5AC08CA26C406FB00D49BC3 /* ethnocentric rg it.ttf */ = {isa = PBXFileReference; lastKnownFileType = file; path = "ethnocentric rg it.ttf"; sourceTree = "<group>"; };
		AC900F0E26A3601F000C6B89 /* GameViewController.swift */ = {isa = PBXFileReference; lastKnownFileType = sourcecode.swift; path = GameViewController.swift; sourceTree = "<group>"; };
		AC900F1826A36C6D000C6B89 /* Card.swift */ = {isa = PBXFileReference; lastKnownFileType = sourcecode.swift; path = Card.swift; sourceTree = "<group>"; };
		AC900F1A26A36C9C000C6B89 /* Deck.swift */ = {isa = PBXFileReference; lastKnownFileType = sourcecode.swift; path = Deck.swift; sourceTree = "<group>"; };
		AC900F1C26A36C9F000C6B89 /* Game.swift */ = {isa = PBXFileReference; lastKnownFileType = sourcecode.swift; path = Game.swift; sourceTree = "<group>"; };
		AC900F1E26A36CA3000C6B89 /* Player.swift */ = {isa = PBXFileReference; lastKnownFileType = sourcecode.swift; path = Player.swift; sourceTree = "<group>"; };
		AC900F2026A36CA6000C6B89 /* Move.swift */ = {isa = PBXFileReference; lastKnownFileType = sourcecode.swift; path = Move.swift; sourceTree = "<group>"; };
		CB1D42AFC6FA4A2BFEA82C63 /* Pods-Coup.debug.xcconfig */ = {isa = PBXFileReference; includeInIndex = 1; lastKnownFileType = text.xcconfig; name = "Pods-Coup.debug.xcconfig"; path = "Target Support Files/Pods-Coup/Pods-Coup.debug.xcconfig"; sourceTree = "<group>"; };
		FD1C9A3926B4CFC6006146D7 /* Justin Bieber.jpg */ = {isa = PBXFileReference; lastKnownFileType = image.jpeg; path = "Justin Bieber.jpg"; sourceTree = "<group>"; };
		FD1C9A3A26B4CFC6006146D7 /* Charlie Puth.jpg */ = {isa = PBXFileReference; lastKnownFileType = image.jpeg; path = "Charlie Puth.jpg"; sourceTree = "<group>"; };
		FD1C9A3B26B4CFC7006146D7 /* Ed Sheeran.jpg */ = {isa = PBXFileReference; lastKnownFileType = image.jpeg; path = "Ed Sheeran.jpg"; sourceTree = "<group>"; };
		FD1C9A3C26B4CFC7006146D7 /* Taylor Swift.jpg */ = {isa = PBXFileReference; lastKnownFileType = image.jpeg; path = "Taylor Swift.jpg"; sourceTree = "<group>"; };
		FD1C9A3D26B4CFC7006146D7 /* Selena Gomez.jpg */ = {isa = PBXFileReference; lastKnownFileType = image.jpeg; path = "Selena Gomez.jpg"; sourceTree = "<group>"; };
		FD1C9A3E26B4CFC7006146D7 /* Ariana Grande.jpg */ = {isa = PBXFileReference; lastKnownFileType = image.jpeg; path = "Ariana Grande.jpg"; sourceTree = "<group>"; };
		FD2F633426A697CD00E9BE63 /* Coup.entitlements */ = {isa = PBXFileReference; lastKnownFileType = text.plist.entitlements; path = Coup.entitlements; sourceTree = "<group>"; };
		FD4FFE5226A69B6C00FF766F /* LoginViewController.swift */ = {isa = PBXFileReference; lastKnownFileType = sourcecode.swift; path = LoginViewController.swift; sourceTree = "<group>"; };
		FD642A5F26A6954E00EC5B64 /* GoogleService-Info.plist */ = {isa = PBXFileReference; fileEncoding = 4; lastKnownFileType = text.plist.xml; path = "GoogleService-Info.plist"; sourceTree = "<group>"; };
		FD6956872690DB1E0057BBE8 /* Coup.app */ = {isa = PBXFileReference; explicitFileType = wrapper.application; includeInIndex = 0; path = Coup.app; sourceTree = BUILT_PRODUCTS_DIR; };
		FD69568A2690DB1E0057BBE8 /* AppDelegate.swift */ = {isa = PBXFileReference; lastKnownFileType = sourcecode.swift; path = AppDelegate.swift; sourceTree = "<group>"; };
		FD69568C2690DB1E0057BBE8 /* SceneDelegate.swift */ = {isa = PBXFileReference; lastKnownFileType = sourcecode.swift; path = SceneDelegate.swift; sourceTree = "<group>"; };
		FD69568E2690DB1E0057BBE8 /* MainViewController.swift */ = {isa = PBXFileReference; lastKnownFileType = sourcecode.swift; path = MainViewController.swift; sourceTree = "<group>"; };
		FD6956912690DB1E0057BBE8 /* Base */ = {isa = PBXFileReference; lastKnownFileType = file.storyboard; name = Base; path = Base.lproj/Main.storyboard; sourceTree = "<group>"; };
		FD6956932690DB1F0057BBE8 /* Assets.xcassets */ = {isa = PBXFileReference; lastKnownFileType = folder.assetcatalog; path = Assets.xcassets; sourceTree = "<group>"; };
		FD6956962690DB1F0057BBE8 /* Base */ = {isa = PBXFileReference; lastKnownFileType = file.storyboard; name = Base; path = Base.lproj/LaunchScreen.storyboard; sourceTree = "<group>"; };
		FD6956982690DB1F0057BBE8 /* Info.plist */ = {isa = PBXFileReference; lastKnownFileType = text.plist.xml; path = Info.plist; sourceTree = "<group>"; };
		FD69569E2690DEB50057BBE8 /* GameEndsViewController.swift */ = {isa = PBXFileReference; lastKnownFileType = sourcecode.swift; path = GameEndsViewController.swift; sourceTree = "<group>"; };
		FD944F1626AE7CFE00A7A9B0 /* Waiting.m4a */ = {isa = PBXFileReference; lastKnownFileType = file; path = Waiting.m4a; sourceTree = "<group>"; };
		FD944F1726AE7CFE00A7A9B0 /* Cash Register.m4a */ = {isa = PBXFileReference; lastKnownFileType = file; path = "Cash Register.m4a"; sourceTree = "<group>"; };
		FD944F1826AE7CFF00A7A9B0 /* Count Down.m4a */ = {isa = PBXFileReference; lastKnownFileType = file; path = "Count Down.m4a"; sourceTree = "<group>"; };
		FD98412C269E3E290035E9BB /* SettingsViewController.swift */ = {isa = PBXFileReference; lastKnownFileType = sourcecode.swift; path = SettingsViewController.swift; sourceTree = "<group>"; };
		FD9E5ACC26C016450079F28C /* BlankViewController.swift */ = {isa = PBXFileReference; lastKnownFileType = sourcecode.swift; path = BlankViewController.swift; sourceTree = "<group>"; };
		FDEE75AE26B3C88D001EFBF4 /* Settings.xcdatamodel */ = {isa = PBXFileReference; lastKnownFileType = wrapper.xcdatamodel; path = Settings.xcdatamodel; sourceTree = "<group>"; };
/* End PBXFileReference section */

/* Begin PBXFrameworksBuildPhase section */
		FD6956842690DB1E0057BBE8 /* Frameworks */ = {
			isa = PBXFrameworksBuildPhase;
			buildActionMask = 2147483647;
			files = (
				138DD00610EC9333ACEE2278 /* Pods_Coup.framework in Frameworks */,
			);
			runOnlyForDeploymentPostprocessing = 0;
		};
/* End PBXFrameworksBuildPhase section */

/* Begin PBXGroup section */
		22D575462D679C2F3C65F990 /* Pods */ = {
			isa = PBXGroup;
			children = (
				CB1D42AFC6FA4A2BFEA82C63 /* Pods-Coup.debug.xcconfig */,
				7A4F4F117DB1A58538E9749A /* Pods-Coup.release.xcconfig */,
			);
			path = Pods;
			sourceTree = "<group>";
		};
		5361F571B1CD6A55B0B75EAC /* Frameworks */ = {
			isa = PBXGroup;
			children = (
				89FFF089A57325E0FD37053B /* Pods_Coup.framework */,
			);
			name = Frameworks;
			sourceTree = "<group>";
		};
		A5AC08C326C4069200D49BC3 /* Fonts */ = {
			isa = PBXGroup;
			children = (
				A5AC08C426C406E600D49BC3 /* Lato-Light.ttf */,
				A5AC08C526C406E700D49BC3 /* Lato-LightItalic.ttf */,
				A5AC08C826C406F000D49BC3 /* Lato-Bold.ttf */,
				A5AC08CA26C406FB00D49BC3 /* ethnocentric rg it.ttf */,
				A58C8EB226C40770008FE287 /* ethnocentric rg.ttf */,
			);
			path = Fonts;
			sourceTree = "<group>";
		};
		FD1C9A3826B4CFA3006146D7 /* AI */ = {
			isa = PBXGroup;
			children = (
				FD1C9A3E26B4CFC7006146D7 /* Ariana Grande.jpg */,
				FD1C9A3A26B4CFC6006146D7 /* Charlie Puth.jpg */,
				FD1C9A3B26B4CFC7006146D7 /* Ed Sheeran.jpg */,
				FD1C9A3926B4CFC6006146D7 /* Justin Bieber.jpg */,
				FD1C9A3D26B4CFC7006146D7 /* Selena Gomez.jpg */,
				FD1C9A3C26B4CFC7006146D7 /* Taylor Swift.jpg */,
			);
			path = AI;
			sourceTree = "<group>";
		};
		FD642A5E26A694BA00EC5B64 /* Backend */ = {
			isa = PBXGroup;
			children = (
				AC900F1826A36C6D000C6B89 /* Card.swift */,
				AC900F1A26A36C9C000C6B89 /* Deck.swift */,
				AC900F1C26A36C9F000C6B89 /* Game.swift */,
				AC900F2026A36CA6000C6B89 /* Move.swift */,
				AC900F1E26A36CA3000C6B89 /* Player.swift */,
			);
			path = Backend;
			sourceTree = "<group>";
		};
		FD69567E2690DB1E0057BBE8 = {
			isa = PBXGroup;
			children = (
				FD6956892690DB1E0057BBE8 /* Coup */,
				FD6956882690DB1E0057BBE8 /* Products */,
				22D575462D679C2F3C65F990 /* Pods */,
				5361F571B1CD6A55B0B75EAC /* Frameworks */,
			);
			sourceTree = "<group>";
		};
		FD6956882690DB1E0057BBE8 /* Products */ = {
			isa = PBXGroup;
			children = (
				FD6956872690DB1E0057BBE8 /* Coup.app */,
			);
			name = Products;
			sourceTree = "<group>";
		};
		FD6956892690DB1E0057BBE8 /* Coup */ = {
			isa = PBXGroup;
			children = (
				A5AC08C326C4069200D49BC3 /* Fonts */,
				FD1C9A3826B4CFA3006146D7 /* AI */,
				FDF30E3826A719A9008859A7 /* Sounds */,
				FD2F633426A697CD00E9BE63 /* Coup.entitlements */,
				FD642A5E26A694BA00EC5B64 /* Backend */,
				FD69568A2690DB1E0057BBE8 /* AppDelegate.swift */,
				FD69568C2690DB1E0057BBE8 /* SceneDelegate.swift */,
				FD98412E269E3E320035E9BB /* View Controllers */,
				FD6956902690DB1E0057BBE8 /* Main.storyboard */,
				FD6956932690DB1F0057BBE8 /* Assets.xcassets */,
				FD6956952690DB1F0057BBE8 /* LaunchScreen.storyboard */,
				FD6956982690DB1F0057BBE8 /* Info.plist */,
				FD642A5F26A6954E00EC5B64 /* GoogleService-Info.plist */,
				FDEE75AD26B3C88D001EFBF4 /* Settings.xcdatamodeld */,
			);
			path = Coup;
			sourceTree = "<group>";
		};
		FD98412E269E3E320035E9BB /* View Controllers */ = {
			isa = PBXGroup;
			children = (
				326B550126ADC99C0008223E /* ActivityLogTableViewCell.swift */,
				32BE2ACC26B9AD9B00CB6A24 /* ActivityLogViewController.swift */,
				32DEC32626B29C660049F2F3 /* AddAITableViewCell.swift */,
				FD9E5ACC26C016450079F28C /* BlankViewController.swift */,
				32BE2ACA26B992AD00CB6A24 /* ExchangeViewController.swift */,
				FD69569E2690DEB50057BBE8 /* GameEndsViewController.swift */,
				32DEC32426B299380049F2F3 /* GameLogTableViewCell.swift */,
				AC900F0E26A3601F000C6B89 /* GameViewController.swift */,
				32FE4AD126B4663D0055EB30 /* HowToPlayViewController.swift */,
				FD4FFE5226A69B6C00FF766F /* LoginViewController.swift */,
				FD69568E2690DB1E0057BBE8 /* MainViewController.swift */,
				32FA1D6A26B6E00F00B899F4 /* OfflineViewController.swift */,
				FD98412C269E3E290035E9BB /* SettingsViewController.swift */,
			);
			path = "View Controllers";
			sourceTree = "<group>";
		};
		FDF30E3826A719A9008859A7 /* Sounds */ = {
			isa = PBXGroup;
			children = (
				FD944F1726AE7CFE00A7A9B0 /* Cash Register.m4a */,
				FD944F1826AE7CFF00A7A9B0 /* Count Down.m4a */,
				FD944F1626AE7CFE00A7A9B0 /* Waiting.m4a */,
			);
			path = Sounds;
			sourceTree = "<group>";
		};
/* End PBXGroup section */

/* Begin PBXNativeTarget section */
		FD6956862690DB1E0057BBE8 /* Coup */ = {
			isa = PBXNativeTarget;
			buildConfigurationList = FD69569B2690DB1F0057BBE8 /* Build configuration list for PBXNativeTarget "Coup" */;
			buildPhases = (
				3ABCA265C13761B13343A7D5 /* [CP] Check Pods Manifest.lock */,
				FD6956832690DB1E0057BBE8 /* Sources */,
				FD6956842690DB1E0057BBE8 /* Frameworks */,
				FD6956852690DB1E0057BBE8 /* Resources */,
				1AE26592C84216CFBE57BF1A /* [CP] Embed Pods Frameworks */,
			);
			buildRules = (
			);
			dependencies = (
			);
			name = Coup;
			productName = Coup;
			productReference = FD6956872690DB1E0057BBE8 /* Coup.app */;
			productType = "com.apple.product-type.application";
		};
/* End PBXNativeTarget section */

/* Begin PBXProject section */
		FD69567F2690DB1E0057BBE8 /* Project object */ = {
			isa = PBXProject;
			attributes = {
				LastSwiftUpdateCheck = 1250;
				LastUpgradeCheck = 1250;
				TargetAttributes = {
					FD6956862690DB1E0057BBE8 = {
						CreatedOnToolsVersion = 12.5.1;
					};
				};
			};
			buildConfigurationList = FD6956822690DB1E0057BBE8 /* Build configuration list for PBXProject "Coup" */;
			compatibilityVersion = "Xcode 9.3";
			developmentRegion = en;
			hasScannedForEncodings = 0;
			knownRegions = (
				en,
				Base,
			);
			mainGroup = FD69567E2690DB1E0057BBE8;
			productRefGroup = FD6956882690DB1E0057BBE8 /* Products */;
			projectDirPath = "";
			projectRoot = "";
			targets = (
				FD6956862690DB1E0057BBE8 /* Coup */,
			);
		};
/* End PBXProject section */

/* Begin PBXResourcesBuildPhase section */
		FD6956852690DB1E0057BBE8 /* Resources */ = {
			isa = PBXResourcesBuildPhase;
			buildActionMask = 2147483647;
			files = (
				FD1C9A4026B4CFC7006146D7 /* Charlie Puth.jpg in Resources */,
				FD1C9A4326B4CFC7006146D7 /* Selena Gomez.jpg in Resources */,
				FD6956972690DB1F0057BBE8 /* LaunchScreen.storyboard in Resources */,
				A5AC08C626C406E700D49BC3 /* Lato-Light.ttf in Resources */,
				A5AC08CC26C406FB00D49BC3 /* ethnocentric rg it.ttf in Resources */,
				FD1C9A4426B4CFC7006146D7 /* Ariana Grande.jpg in Resources */,
				A5AC08C926C406F000D49BC3 /* Lato-Bold.ttf in Resources */,
				FD642A6026A6954E00EC5B64 /* GoogleService-Info.plist in Resources */,
				FD6956942690DB1F0057BBE8 /* Assets.xcassets in Resources */,
				A5AC08C726C406E700D49BC3 /* Lato-LightItalic.ttf in Resources */,
				FD1C9A4126B4CFC7006146D7 /* Ed Sheeran.jpg in Resources */,
				FD6956922690DB1E0057BBE8 /* Main.storyboard in Resources */,
				FD1C9A3F26B4CFC7006146D7 /* Justin Bieber.jpg in Resources */,
				A58C8EB326C40771008FE287 /* ethnocentric rg.ttf in Resources */,
				FD1C9A4226B4CFC7006146D7 /* Taylor Swift.jpg in Resources */,
			);
			runOnlyForDeploymentPostprocessing = 0;
		};
/* End PBXResourcesBuildPhase section */

/* Begin PBXShellScriptBuildPhase section */
		1AE26592C84216CFBE57BF1A /* [CP] Embed Pods Frameworks */ = {
			isa = PBXShellScriptBuildPhase;
			buildActionMask = 2147483647;
			files = (
			);
			inputFileListPaths = (
				"${PODS_ROOT}/Target Support Files/Pods-Coup/Pods-Coup-frameworks-${CONFIGURATION}-input-files.xcfilelist",
			);
			name = "[CP] Embed Pods Frameworks";
			outputFileListPaths = (
				"${PODS_ROOT}/Target Support Files/Pods-Coup/Pods-Coup-frameworks-${CONFIGURATION}-output-files.xcfilelist",
			);
			runOnlyForDeploymentPostprocessing = 0;
			shellPath = /bin/sh;
			shellScript = "\"${PODS_ROOT}/Target Support Files/Pods-Coup/Pods-Coup-frameworks.sh\"\n";
			showEnvVarsInLog = 0;
		};
		3ABCA265C13761B13343A7D5 /* [CP] Check Pods Manifest.lock */ = {
			isa = PBXShellScriptBuildPhase;
			buildActionMask = 2147483647;
			files = (
			);
			inputFileListPaths = (
			);
			inputPaths = (
				"${PODS_PODFILE_DIR_PATH}/Podfile.lock",
				"${PODS_ROOT}/Manifest.lock",
			);
			name = "[CP] Check Pods Manifest.lock";
			outputFileListPaths = (
			);
			outputPaths = (
				"$(DERIVED_FILE_DIR)/Pods-Coup-checkManifestLockResult.txt",
			);
			runOnlyForDeploymentPostprocessing = 0;
			shellPath = /bin/sh;
			shellScript = "diff \"${PODS_PODFILE_DIR_PATH}/Podfile.lock\" \"${PODS_ROOT}/Manifest.lock\" > /dev/null\nif [ $? != 0 ] ; then\n    # print error to STDERR\n    echo \"error: The sandbox is not in sync with the Podfile.lock. Run 'pod install' or update your CocoaPods installation.\" >&2\n    exit 1\nfi\n# This output is used by Xcode 'outputs' to avoid re-running this script phase.\necho \"SUCCESS\" > \"${SCRIPT_OUTPUT_FILE_0}\"\n";
			showEnvVarsInLog = 0;
		};
/* End PBXShellScriptBuildPhase section */

/* Begin PBXSourcesBuildPhase section */
		FD6956832690DB1E0057BBE8 /* Sources */ = {
			isa = PBXSourcesBuildPhase;
			buildActionMask = 2147483647;
			files = (
				A58C8EB526C40F8A008FE287 /* LoginViewController.swift in Sources */,
				32BE2ACD26B9AD9B00CB6A24 /* ActivityLogViewController.swift in Sources */,
				326B550226ADC99C0008223E /* ActivityLogTableViewCell.swift in Sources */,
				FD9E5ACD26C016450079F28C /* BlankViewController.swift in Sources */,
				32BE2ACB26B992AD00CB6A24 /* ExchangeViewController.swift in Sources */,
				FD69568F2690DB1E0057BBE8 /* MainViewController.swift in Sources */,
				AC900F1D26A36C9F000C6B89 /* Game.swift in Sources */,
				FD69568B2690DB1E0057BBE8 /* AppDelegate.swift in Sources */,
				AC900F1926A36C6D000C6B89 /* Card.swift in Sources */,
				32DEC32526B299380049F2F3 /* GameLogTableViewCell.swift in Sources */,
				FD69569F2690DEB50057BBE8 /* GameEndsViewController.swift in Sources */,
				32FE4AD226B4663D0055EB30 /* HowToPlayViewController.swift in Sources */,
				AC900F1B26A36C9C000C6B89 /* Deck.swift in Sources */,
				32FA1D6B26B6E00F00B899F4 /* OfflineViewController.swift in Sources */,
				FD98412D269E3E290035E9BB /* SettingsViewController.swift in Sources */,
				AC900F0F26A3601F000C6B89 /* GameViewController.swift in Sources */,
				AC900F1F26A36CA3000C6B89 /* Player.swift in Sources */,
				FD69568D2690DB1E0057BBE8 /* SceneDelegate.swift in Sources */,
				AC900F2126A36CA6000C6B89 /* Move.swift in Sources */,
				FDEE75AF26B3C88D001EFBF4 /* Settings.xcdatamodeld in Sources */,
				32DEC32726B29C660049F2F3 /* AddAITableViewCell.swift in Sources */,
			);
			runOnlyForDeploymentPostprocessing = 0;
		};
/* End PBXSourcesBuildPhase section */

/* Begin PBXVariantGroup section */
		FD6956902690DB1E0057BBE8 /* Main.storyboard */ = {
			isa = PBXVariantGroup;
			children = (
				FD6956912690DB1E0057BBE8 /* Base */,
			);
			name = Main.storyboard;
			sourceTree = "<group>";
		};
		FD6956952690DB1F0057BBE8 /* LaunchScreen.storyboard */ = {
			isa = PBXVariantGroup;
			children = (
				FD6956962690DB1F0057BBE8 /* Base */,
			);
			name = LaunchScreen.storyboard;
			sourceTree = "<group>";
		};
/* End PBXVariantGroup section */

/* Begin XCBuildConfiguration section */
		FD6956992690DB1F0057BBE8 /* Debug */ = {
			isa = XCBuildConfiguration;
			buildSettings = {
				ALWAYS_SEARCH_USER_PATHS = NO;
				CLANG_ANALYZER_NONNULL = YES;
				CLANG_ANALYZER_NUMBER_OBJECT_CONVERSION = YES_AGGRESSIVE;
				CLANG_CXX_LANGUAGE_STANDARD = "gnu++14";
				CLANG_CXX_LIBRARY = "libc++";
				CLANG_ENABLE_MODULES = YES;
				CLANG_ENABLE_OBJC_ARC = YES;
				CLANG_ENABLE_OBJC_WEAK = YES;
				CLANG_WARN_BLOCK_CAPTURE_AUTORELEASING = YES;
				CLANG_WARN_BOOL_CONVERSION = YES;
				CLANG_WARN_COMMA = YES;
				CLANG_WARN_CONSTANT_CONVERSION = YES;
				CLANG_WARN_DEPRECATED_OBJC_IMPLEMENTATIONS = YES;
				CLANG_WARN_DIRECT_OBJC_ISA_USAGE = YES_ERROR;
				CLANG_WARN_DOCUMENTATION_COMMENTS = YES;
				CLANG_WARN_EMPTY_BODY = YES;
				CLANG_WARN_ENUM_CONVERSION = YES;
				CLANG_WARN_INFINITE_RECURSION = YES;
				CLANG_WARN_INT_CONVERSION = YES;
				CLANG_WARN_NON_LITERAL_NULL_CONVERSION = YES;
				CLANG_WARN_OBJC_IMPLICIT_RETAIN_SELF = YES;
				CLANG_WARN_OBJC_LITERAL_CONVERSION = YES;
				CLANG_WARN_OBJC_ROOT_CLASS = YES_ERROR;
				CLANG_WARN_QUOTED_INCLUDE_IN_FRAMEWORK_HEADER = YES;
				CLANG_WARN_RANGE_LOOP_ANALYSIS = YES;
				CLANG_WARN_STRICT_PROTOTYPES = YES;
				CLANG_WARN_SUSPICIOUS_MOVE = YES;
				CLANG_WARN_UNGUARDED_AVAILABILITY = YES_AGGRESSIVE;
				CLANG_WARN_UNREACHABLE_CODE = YES;
				CLANG_WARN__DUPLICATE_METHOD_MATCH = YES;
				COPY_PHASE_STRIP = NO;
				DEBUG_INFORMATION_FORMAT = dwarf;
				ENABLE_STRICT_OBJC_MSGSEND = YES;
				ENABLE_TESTABILITY = YES;
				GCC_C_LANGUAGE_STANDARD = gnu11;
				GCC_DYNAMIC_NO_PIC = NO;
				GCC_NO_COMMON_BLOCKS = YES;
				GCC_OPTIMIZATION_LEVEL = 0;
				GCC_PREPROCESSOR_DEFINITIONS = (
					"DEBUG=1",
					"$(inherited)",
				);
				GCC_WARN_64_TO_32_BIT_CONVERSION = YES;
				GCC_WARN_ABOUT_RETURN_TYPE = YES_ERROR;
				GCC_WARN_UNDECLARED_SELECTOR = YES;
				GCC_WARN_UNINITIALIZED_AUTOS = YES_AGGRESSIVE;
				GCC_WARN_UNUSED_FUNCTION = YES;
				GCC_WARN_UNUSED_VARIABLE = YES;
				IPHONEOS_DEPLOYMENT_TARGET = 14.5;
				MTL_ENABLE_DEBUG_INFO = INCLUDE_SOURCE;
				MTL_FAST_MATH = YES;
				ONLY_ACTIVE_ARCH = YES;
				SDKROOT = iphoneos;
				SWIFT_ACTIVE_COMPILATION_CONDITIONS = DEBUG;
				SWIFT_OPTIMIZATION_LEVEL = "-Onone";
			};
			name = Debug;
		};
		FD69569A2690DB1F0057BBE8 /* Release */ = {
			isa = XCBuildConfiguration;
			buildSettings = {
				ALWAYS_SEARCH_USER_PATHS = NO;
				CLANG_ANALYZER_NONNULL = YES;
				CLANG_ANALYZER_NUMBER_OBJECT_CONVERSION = YES_AGGRESSIVE;
				CLANG_CXX_LANGUAGE_STANDARD = "gnu++14";
				CLANG_CXX_LIBRARY = "libc++";
				CLANG_ENABLE_MODULES = YES;
				CLANG_ENABLE_OBJC_ARC = YES;
				CLANG_ENABLE_OBJC_WEAK = YES;
				CLANG_WARN_BLOCK_CAPTURE_AUTORELEASING = YES;
				CLANG_WARN_BOOL_CONVERSION = YES;
				CLANG_WARN_COMMA = YES;
				CLANG_WARN_CONSTANT_CONVERSION = YES;
				CLANG_WARN_DEPRECATED_OBJC_IMPLEMENTATIONS = YES;
				CLANG_WARN_DIRECT_OBJC_ISA_USAGE = YES_ERROR;
				CLANG_WARN_DOCUMENTATION_COMMENTS = YES;
				CLANG_WARN_EMPTY_BODY = YES;
				CLANG_WARN_ENUM_CONVERSION = YES;
				CLANG_WARN_INFINITE_RECURSION = YES;
				CLANG_WARN_INT_CONVERSION = YES;
				CLANG_WARN_NON_LITERAL_NULL_CONVERSION = YES;
				CLANG_WARN_OBJC_IMPLICIT_RETAIN_SELF = YES;
				CLANG_WARN_OBJC_LITERAL_CONVERSION = YES;
				CLANG_WARN_OBJC_ROOT_CLASS = YES_ERROR;
				CLANG_WARN_QUOTED_INCLUDE_IN_FRAMEWORK_HEADER = YES;
				CLANG_WARN_RANGE_LOOP_ANALYSIS = YES;
				CLANG_WARN_STRICT_PROTOTYPES = YES;
				CLANG_WARN_SUSPICIOUS_MOVE = YES;
				CLANG_WARN_UNGUARDED_AVAILABILITY = YES_AGGRESSIVE;
				CLANG_WARN_UNREACHABLE_CODE = YES;
				CLANG_WARN__DUPLICATE_METHOD_MATCH = YES;
				COPY_PHASE_STRIP = NO;
				DEBUG_INFORMATION_FORMAT = "dwarf-with-dsym";
				ENABLE_NS_ASSERTIONS = NO;
				ENABLE_STRICT_OBJC_MSGSEND = YES;
				GCC_C_LANGUAGE_STANDARD = gnu11;
				GCC_NO_COMMON_BLOCKS = YES;
				GCC_WARN_64_TO_32_BIT_CONVERSION = YES;
				GCC_WARN_ABOUT_RETURN_TYPE = YES_ERROR;
				GCC_WARN_UNDECLARED_SELECTOR = YES;
				GCC_WARN_UNINITIALIZED_AUTOS = YES_AGGRESSIVE;
				GCC_WARN_UNUSED_FUNCTION = YES;
				GCC_WARN_UNUSED_VARIABLE = YES;
				IPHONEOS_DEPLOYMENT_TARGET = 14.5;
				MTL_ENABLE_DEBUG_INFO = NO;
				MTL_FAST_MATH = YES;
				SDKROOT = iphoneos;
				SWIFT_COMPILATION_MODE = wholemodule;
				SWIFT_OPTIMIZATION_LEVEL = "-O";
				VALIDATE_PRODUCT = YES;
			};
			name = Release;
		};
		FD69569C2690DB1F0057BBE8 /* Debug */ = {
			isa = XCBuildConfiguration;
			baseConfigurationReference = CB1D42AFC6FA4A2BFEA82C63 /* Pods-Coup.debug.xcconfig */;
			buildSettings = {
				ASSETCATALOG_COMPILER_APPICON_NAME = AppIcon;
				ASSETCATALOG_COMPILER_GLOBAL_ACCENT_COLOR_NAME = AccentColor;
				CODE_SIGN_ENTITLEMENTS = Coup/Coup.entitlements;
				CODE_SIGN_STYLE = Automatic;
				DEVELOPMENT_TEAM = LM9PUW9Q8G;
				INFOPLIST_FILE = Coup/Info.plist;
				LD_RUNPATH_SEARCH_PATHS = (
					"$(inherited)",
					"@executable_path/Frameworks",
				);
				PRODUCT_BUNDLE_IDENTIFIER = com.utexas.team8.Coup;
				PRODUCT_NAME = "$(TARGET_NAME)";
				SWIFT_VERSION = 5.0;
				TARGETED_DEVICE_FAMILY = "1,2";
			};
			name = Debug;
		};
		FD69569D2690DB1F0057BBE8 /* Release */ = {
			isa = XCBuildConfiguration;
			baseConfigurationReference = 7A4F4F117DB1A58538E9749A /* Pods-Coup.release.xcconfig */;
			buildSettings = {
				ASSETCATALOG_COMPILER_APPICON_NAME = AppIcon;
				ASSETCATALOG_COMPILER_GLOBAL_ACCENT_COLOR_NAME = AccentColor;
				CODE_SIGN_ENTITLEMENTS = Coup/Coup.entitlements;
				CODE_SIGN_STYLE = Automatic;
				DEVELOPMENT_TEAM = LM9PUW9Q8G;
				INFOPLIST_FILE = Coup/Info.plist;
				LD_RUNPATH_SEARCH_PATHS = (
					"$(inherited)",
					"@executable_path/Frameworks",
				);
				PRODUCT_BUNDLE_IDENTIFIER = com.utexas.team8.Coup;
				PRODUCT_NAME = "$(TARGET_NAME)";
				SWIFT_VERSION = 5.0;
				TARGETED_DEVICE_FAMILY = "1,2";
			};
			name = Release;
		};
/* End XCBuildConfiguration section */

/* Begin XCConfigurationList section */
		FD6956822690DB1E0057BBE8 /* Build configuration list for PBXProject "Coup" */ = {
			isa = XCConfigurationList;
			buildConfigurations = (
				FD6956992690DB1F0057BBE8 /* Debug */,
				FD69569A2690DB1F0057BBE8 /* Release */,
			);
			defaultConfigurationIsVisible = 0;
			defaultConfigurationName = Release;
		};
		FD69569B2690DB1F0057BBE8 /* Build configuration list for PBXNativeTarget "Coup" */ = {
			isa = XCConfigurationList;
			buildConfigurations = (
				FD69569C2690DB1F0057BBE8 /* Debug */,
				FD69569D2690DB1F0057BBE8 /* Release */,
			);
			defaultConfigurationIsVisible = 0;
			defaultConfigurationName = Release;
		};
/* End XCConfigurationList section */

/* Begin XCVersionGroup section */
		FDEE75AD26B3C88D001EFBF4 /* Settings.xcdatamodeld */ = {
			isa = XCVersionGroup;
			children = (
				FDEE75AE26B3C88D001EFBF4 /* Settings.xcdatamodel */,
			);
			currentVersion = FDEE75AE26B3C88D001EFBF4 /* Settings.xcdatamodel */;
			path = Settings.xcdatamodeld;
			sourceTree = "<group>";
			versionGroupType = wrapper.xcdatamodel;
		};
/* End XCVersionGroup section */
	};
	rootObject = FD69567F2690DB1E0057BBE8 /* Project object */;
}
